// !$*UTF8*$!
{
	archiveVersion = 1;
	classes = {
	};
	objectVersion = 56;
	objects = {

/* Begin PBXBuildFile section */
		3362B8FD2A1E6ECB00C74146 /* withyouApp.swift in Sources */ = {isa = PBXBuildFile; fileRef = 3362B8FC2A1E6ECB00C74146 /* withyouApp.swift */; };
		3362B8FF2A1E6ECB00C74146 /* LoginView.swift in Sources */ = {isa = PBXBuildFile; fileRef = 3362B8FE2A1E6ECB00C74146 /* LoginView.swift */; };
		3362B9012A1E6ECD00C74146 /* Assets.xcassets in Resources */ = {isa = PBXBuildFile; fileRef = 3362B9002A1E6ECD00C74146 /* Assets.xcassets */; };
		3362B9042A1E6ECD00C74146 /* Preview Assets.xcassets in Resources */ = {isa = PBXBuildFile; fileRef = 3362B9032A1E6ECD00C74146 /* Preview Assets.xcassets */; };
		3362B9102A1E73D400C74146 /* GoogleService-Info.plist in Resources */ = {isa = PBXBuildFile; fileRef = 3362B90F2A1E73D400C74146 /* GoogleService-Info.plist */; };
		3362B9122A1E7D5500C74146 /* ImagePicker.swift in Sources */ = {isa = PBXBuildFile; fileRef = 3362B9112A1E7D5500C74146 /* ImagePicker.swift */; };
		3362B9232A1EFB3200C74146 /* MainMessagesView.swift in Sources */ = {isa = PBXBuildFile; fileRef = 3362B9222A1EFB3200C74146 /* MainMessagesView.swift */; };
		3362B9282A1EFF5400C74146 /* FirebaseManager.swift in Sources */ = {isa = PBXBuildFile; fileRef = 3362B9272A1EFF5400C74146 /* FirebaseManager.swift */; };
		3362B92B2A1F173400C74146 /* SDWebImageSwiftUI in Frameworks */ = {isa = PBXBuildFile; productRef = 3362B92A2A1F173400C74146 /* SDWebImageSwiftUI */; };
		3362B92E2A1F192500C74146 /* ChatUser.swift in Sources */ = {isa = PBXBuildFile; fileRef = 3362B92D2A1F192500C74146 /* ChatUser.swift */; };
		3362B9302A1F1BF400C74146 /* CreateNewMessageView.swift in Sources */ = {isa = PBXBuildFile; fileRef = 3362B92F2A1F1BF400C74146 /* CreateNewMessageView.swift */; };
		3362B9342A1F302200C74146 /* ChatLogView.swift in Sources */ = {isa = PBXBuildFile; fileRef = 3362B9332A1F302200C74146 /* ChatLogView.swift */; };
		3362B9462A1F686800C74146 /* FirebaseAuth in Frameworks */ = {isa = PBXBuildFile; productRef = 3362B9452A1F686800C74146 /* FirebaseAuth */; };
		3362B9482A1F686800C74146 /* FirebaseFirestore in Frameworks */ = {isa = PBXBuildFile; productRef = 3362B9472A1F686800C74146 /* FirebaseFirestore */; };
		3362B94A2A1F686800C74146 /* FirebaseFirestoreSwift-Beta in Frameworks */ = {isa = PBXBuildFile; productRef = 3362B9492A1F686800C74146 /* FirebaseFirestoreSwift-Beta */; };
		3362B94C2A1F686800C74146 /* FirebaseStorage in Frameworks */ = {isa = PBXBuildFile; productRef = 3362B94B2A1F686800C74146 /* FirebaseStorage */; };
		3362B94E2A1F748600C74146 /* ChatMessage.swift in Sources */ = {isa = PBXBuildFile; fileRef = 3362B94D2A1F748600C74146 /* ChatMessage.swift */; };
		3362B9502A1F74AE00C74146 /* FirebaseConstants.swift in Sources */ = {isa = PBXBuildFile; fileRef = 3362B94F2A1F74AE00C74146 /* FirebaseConstants.swift */; };
/* End PBXBuildFile section */

/* Begin PBXFileReference section */
		3362B8F92A1E6ECB00C74146 /* withyou.app */ = {isa = PBXFileReference; explicitFileType = wrapper.application; includeInIndex = 0; path = withyou.app; sourceTree = BUILT_PRODUCTS_DIR; };
		3362B8FC2A1E6ECB00C74146 /* withyouApp.swift */ = {isa = PBXFileReference; lastKnownFileType = sourcecode.swift; path = withyouApp.swift; sourceTree = "<group>"; };
		3362B8FE2A1E6ECB00C74146 /* LoginView.swift */ = {isa = PBXFileReference; lastKnownFileType = sourcecode.swift; path = LoginView.swift; sourceTree = "<group>"; };
		3362B9002A1E6ECD00C74146 /* Assets.xcassets */ = {isa = PBXFileReference; lastKnownFileType = folder.assetcatalog; path = Assets.xcassets; sourceTree = "<group>"; };
		3362B9032A1E6ECD00C74146 /* Preview Assets.xcassets */ = {isa = PBXFileReference; lastKnownFileType = folder.assetcatalog; path = "Preview Assets.xcassets"; sourceTree = "<group>"; };
		3362B90F2A1E73D400C74146 /* GoogleService-Info.plist */ = {isa = PBXFileReference; fileEncoding = 4; lastKnownFileType = text.plist.xml; path = "GoogleService-Info.plist"; sourceTree = "<group>"; };
		3362B9112A1E7D5500C74146 /* ImagePicker.swift */ = {isa = PBXFileReference; fileEncoding = 4; lastKnownFileType = sourcecode.swift; path = ImagePicker.swift; sourceTree = "<group>"; };
		3362B9222A1EFB3200C74146 /* MainMessagesView.swift */ = {isa = PBXFileReference; lastKnownFileType = sourcecode.swift; path = MainMessagesView.swift; sourceTree = "<group>"; };
		3362B9272A1EFF5400C74146 /* FirebaseManager.swift */ = {isa = PBXFileReference; lastKnownFileType = sourcecode.swift; path = FirebaseManager.swift; sourceTree = "<group>"; };
		3362B92D2A1F192500C74146 /* ChatUser.swift */ = {isa = PBXFileReference; lastKnownFileType = sourcecode.swift; path = ChatUser.swift; sourceTree = "<group>"; };
		3362B92F2A1F1BF400C74146 /* CreateNewMessageView.swift */ = {isa = PBXFileReference; lastKnownFileType = sourcecode.swift; path = CreateNewMessageView.swift; sourceTree = "<group>"; };
		3362B9332A1F302200C74146 /* ChatLogView.swift */ = {isa = PBXFileReference; lastKnownFileType = sourcecode.swift; path = ChatLogView.swift; sourceTree = "<group>"; };
		3362B94D2A1F748600C74146 /* ChatMessage.swift */ = {isa = PBXFileReference; lastKnownFileType = sourcecode.swift; path = ChatMessage.swift; sourceTree = "<group>"; };
		3362B94F2A1F74AE00C74146 /* FirebaseConstants.swift */ = {isa = PBXFileReference; lastKnownFileType = sourcecode.swift; path = FirebaseConstants.swift; sourceTree = "<group>"; };
/* End PBXFileReference section */

/* Begin PBXFrameworksBuildPhase section */
		3362B8F62A1E6ECB00C74146 /* Frameworks */ = {
			isa = PBXFrameworksBuildPhase;
			buildActionMask = 2147483647;
			files = (
				3362B92B2A1F173400C74146 /* SDWebImageSwiftUI in Frameworks */,
				3362B94A2A1F686800C74146 /* FirebaseFirestoreSwift-Beta in Frameworks */,
				3362B9462A1F686800C74146 /* FirebaseAuth in Frameworks */,
				3362B94C2A1F686800C74146 /* FirebaseStorage in Frameworks */,
				3362B9482A1F686800C74146 /* FirebaseFirestore in Frameworks */,
			);
			runOnlyForDeploymentPostprocessing = 0;
		};
/* End PBXFrameworksBuildPhase section */

/* Begin PBXGroup section */
		3362B8F02A1E6ECB00C74146 = {
			isa = PBXGroup;
			children = (
				3362B8FB2A1E6ECB00C74146 /* withyou */,
				3362B8FA2A1E6ECB00C74146 /* Products */,
			);
			sourceTree = "<group>";
		};
		3362B8FA2A1E6ECB00C74146 /* Products */ = {
			isa = PBXGroup;
			children = (
				3362B8F92A1E6ECB00C74146 /* withyou.app */,
			);
			name = Products;
			sourceTree = "<group>";
		};
		3362B8FB2A1E6ECB00C74146 /* withyou */ = {
			isa = PBXGroup;
			children = (
				3362B92C2A1F191000C74146 /* Model */,
				3362B9242A1EFEF800C74146 /* Utils */,
				3362B9212A1EFA3000C74146 /* MainMessageView */,
				3362B8FC2A1E6ECB00C74146 /* withyouApp.swift */,
				3362B8FE2A1E6ECB00C74146 /* LoginView.swift */,
				3362B90F2A1E73D400C74146 /* GoogleService-Info.plist */,
				3362B9002A1E6ECD00C74146 /* Assets.xcassets */,
				3362B9112A1E7D5500C74146 /* ImagePicker.swift */,
				3362B9022A1E6ECD00C74146 /* Preview Content */,
			);
			path = withyou;
			sourceTree = "<group>";
		};
		3362B9022A1E6ECD00C74146 /* Preview Content */ = {
			isa = PBXGroup;
			children = (
				3362B9032A1E6ECD00C74146 /* Preview Assets.xcassets */,
			);
			path = "Preview Content";
			sourceTree = "<group>";
		};
		3362B9212A1EFA3000C74146 /* MainMessageView */ = {
			isa = PBXGroup;
			children = (
				3362B9322A1F300C00C74146 /* Chat */,
				3362B9312A1F1C3100C74146 /* Newmessage */,
				3362B9222A1EFB3200C74146 /* MainMessagesView.swift */,
			);
			path = MainMessageView;
			sourceTree = "<group>";
		};
		3362B9242A1EFEF800C74146 /* Utils */ = {
			isa = PBXGroup;
			children = (
				3362B9272A1EFF5400C74146 /* FirebaseManager.swift */,
				3362B94F2A1F74AE00C74146 /* FirebaseConstants.swift */,
			);
			path = Utils;
			sourceTree = "<group>";
		};
		3362B92C2A1F191000C74146 /* Model */ = {
			isa = PBXGroup;
			children = (
				3362B92D2A1F192500C74146 /* ChatUser.swift */,
				3362B94D2A1F748600C74146 /* ChatMessage.swift */,
			);
			path = Model;
			sourceTree = "<group>";
		};
		3362B9312A1F1C3100C74146 /* Newmessage */ = {
			isa = PBXGroup;
			children = (
				3362B92F2A1F1BF400C74146 /* CreateNewMessageView.swift */,
			);
			path = Newmessage;
			sourceTree = "<group>";
		};
		3362B9322A1F300C00C74146 /* Chat */ = {
			isa = PBXGroup;
			children = (
				3362B9332A1F302200C74146 /* ChatLogView.swift */,
			);
			path = Chat;
			sourceTree = "<group>";
		};
/* End PBXGroup section */

/* Begin PBXNativeTarget section */
		3362B8F82A1E6ECB00C74146 /* withyou */ = {
			isa = PBXNativeTarget;
			buildConfigurationList = 3362B9072A1E6ECD00C74146 /* Build configuration list for PBXNativeTarget "withyou" */;
			buildPhases = (
				3362B8F52A1E6ECB00C74146 /* Sources */,
				3362B8F62A1E6ECB00C74146 /* Frameworks */,
				3362B8F72A1E6ECB00C74146 /* Resources */,
			);
			buildRules = (
			);
			dependencies = (
			);
			name = withyou;
			packageProductDependencies = (
				3362B92A2A1F173400C74146 /* SDWebImageSwiftUI */,
				3362B9452A1F686800C74146 /* FirebaseAuth */,
				3362B9472A1F686800C74146 /* FirebaseFirestore */,
				3362B9492A1F686800C74146 /* FirebaseFirestoreSwift-Beta */,
				3362B94B2A1F686800C74146 /* FirebaseStorage */,
			);
			productName = withyou;
			productReference = 3362B8F92A1E6ECB00C74146 /* withyou.app */;
			productType = "com.apple.product-type.application";
		};
/* End PBXNativeTarget section */

/* Begin PBXProject section */
		3362B8F12A1E6ECB00C74146 /* Project object */ = {
			isa = PBXProject;
			attributes = {
				BuildIndependentTargetsInParallel = 1;
				LastSwiftUpdateCheck = 1430;
				LastUpgradeCheck = 1430;
				TargetAttributes = {
					3362B8F82A1E6ECB00C74146 = {
						CreatedOnToolsVersion = 14.3;
					};
				};
			};
			buildConfigurationList = 3362B8F42A1E6ECB00C74146 /* Build configuration list for PBXProject "withyou" */;
			compatibilityVersion = "Xcode 14.0";
			developmentRegion = en;
			hasScannedForEncodings = 0;
			knownRegions = (
				en,
				Base,
			);
			mainGroup = 3362B8F02A1E6ECB00C74146;
			packageReferences = (
				3362B9292A1F173400C74146 /* XCRemoteSwiftPackageReference "SDWebImageSwiftUI" */,
				3362B9442A1F686800C74146 /* XCRemoteSwiftPackageReference "firebase-ios-sdk" */,
			);
			productRefGroup = 3362B8FA2A1E6ECB00C74146 /* Products */;
			projectDirPath = "";
			projectRoot = "";
			targets = (
				3362B8F82A1E6ECB00C74146 /* withyou */,
			);
		};
/* End PBXProject section */

/* Begin PBXResourcesBuildPhase section */
		3362B8F72A1E6ECB00C74146 /* Resources */ = {
			isa = PBXResourcesBuildPhase;
			buildActionMask = 2147483647;
			files = (
				3362B9042A1E6ECD00C74146 /* Preview Assets.xcassets in Resources */,
				3362B9012A1E6ECD00C74146 /* Assets.xcassets in Resources */,
				3362B9102A1E73D400C74146 /* GoogleService-Info.plist in Resources */,
			);
			runOnlyForDeploymentPostprocessing = 0;
		};
/* End PBXResourcesBuildPhase section */

/* Begin PBXSourcesBuildPhase section */
		3362B8F52A1E6ECB00C74146 /* Sources */ = {
			isa = PBXSourcesBuildPhase;
			buildActionMask = 2147483647;
			files = (
				3362B94E2A1F748600C74146 /* ChatMessage.swift in Sources */,
				3362B92E2A1F192500C74146 /* ChatUser.swift in Sources */,
				3362B9342A1F302200C74146 /* ChatLogView.swift in Sources */,
				3362B9122A1E7D5500C74146 /* ImagePicker.swift in Sources */,
				3362B9232A1EFB3200C74146 /* MainMessagesView.swift in Sources */,
				3362B9282A1EFF5400C74146 /* FirebaseManager.swift in Sources */,
				3362B9302A1F1BF400C74146 /* CreateNewMessageView.swift in Sources */,
				3362B8FF2A1E6ECB00C74146 /* LoginView.swift in Sources */,
				3362B9502A1F74AE00C74146 /* FirebaseConstants.swift in Sources */,
				3362B8FD2A1E6ECB00C74146 /* withyouApp.swift in Sources */,
			);
			runOnlyForDeploymentPostprocessing = 0;
		};
/* End PBXSourcesBuildPhase section */

/* Begin XCBuildConfiguration section */
		3362B9052A1E6ECD00C74146 /* Debug */ = {
			isa = XCBuildConfiguration;
			buildSettings = {
				ALWAYS_SEARCH_USER_PATHS = NO;
				CLANG_ANALYZER_NONNULL = YES;
				CLANG_ANALYZER_NUMBER_OBJECT_CONVERSION = YES_AGGRESSIVE;
				CLANG_CXX_LANGUAGE_STANDARD = "gnu++20";
				CLANG_ENABLE_MODULES = YES;
				CLANG_ENABLE_OBJC_ARC = YES;
				CLANG_ENABLE_OBJC_WEAK = YES;
				CLANG_WARN_BLOCK_CAPTURE_AUTORELEASING = YES;
				CLANG_WARN_BOOL_CONVERSION = YES;
				CLANG_WARN_COMMA = YES;
				CLANG_WARN_CONSTANT_CONVERSION = YES;
				CLANG_WARN_DEPRECATED_OBJC_IMPLEMENTATIONS = YES;
				CLANG_WARN_DIRECT_OBJC_ISA_USAGE = YES_ERROR;
				CLANG_WARN_DOCUMENTATION_COMMENTS = YES;
				CLANG_WARN_EMPTY_BODY = YES;
				CLANG_WARN_ENUM_CONVERSION = YES;
				CLANG_WARN_INFINITE_RECURSION = YES;
				CLANG_WARN_INT_CONVERSION = YES;
				CLANG_WARN_NON_LITERAL_NULL_CONVERSION = YES;
				CLANG_WARN_OBJC_IMPLICIT_RETAIN_SELF = YES;
				CLANG_WARN_OBJC_LITERAL_CONVERSION = YES;
				CLANG_WARN_OBJC_ROOT_CLASS = YES_ERROR;
				CLANG_WARN_QUOTED_INCLUDE_IN_FRAMEWORK_HEADER = YES;
				CLANG_WARN_RANGE_LOOP_ANALYSIS = YES;
				CLANG_WARN_STRICT_PROTOTYPES = YES;
				CLANG_WARN_SUSPICIOUS_MOVE = YES;
				CLANG_WARN_UNGUARDED_AVAILABILITY = YES_AGGRESSIVE;
				CLANG_WARN_UNREACHABLE_CODE = YES;
				CLANG_WARN__DUPLICATE_METHOD_MATCH = YES;
				COPY_PHASE_STRIP = NO;
				DEBUG_INFORMATION_FORMAT = dwarf;
				ENABLE_STRICT_OBJC_MSGSEND = YES;
				ENABLE_TESTABILITY = YES;
				GCC_C_LANGUAGE_STANDARD = gnu11;
				GCC_DYNAMIC_NO_PIC = NO;
				GCC_NO_COMMON_BLOCKS = YES;
				GCC_OPTIMIZATION_LEVEL = 0;
				GCC_PREPROCESSOR_DEFINITIONS = (
					"DEBUG=1",
					"$(inherited)",
				);
				GCC_WARN_64_TO_32_BIT_CONVERSION = YES;
				GCC_WARN_ABOUT_RETURN_TYPE = YES_ERROR;
				GCC_WARN_UNDECLARED_SELECTOR = YES;
				GCC_WARN_UNINITIALIZED_AUTOS = YES_AGGRESSIVE;
				GCC_WARN_UNUSED_FUNCTION = YES;
				GCC_WARN_UNUSED_VARIABLE = YES;
				IPHONEOS_DEPLOYMENT_TARGET = 16.4;
				MTL_ENABLE_DEBUG_INFO = INCLUDE_SOURCE;
				MTL_FAST_MATH = YES;
				ONLY_ACTIVE_ARCH = YES;
				SDKROOT = iphoneos;
				SWIFT_ACTIVE_COMPILATION_CONDITIONS = DEBUG;
				SWIFT_OPTIMIZATION_LEVEL = "-Onone";
			};
			name = Debug;
		};
		3362B9062A1E6ECD00C74146 /* Release */ = {
			isa = XCBuildConfiguration;
			buildSettings = {
				ALWAYS_SEARCH_USER_PATHS = NO;
				CLANG_ANALYZER_NONNULL = YES;
				CLANG_ANALYZER_NUMBER_OBJECT_CONVERSION = YES_AGGRESSIVE;
				CLANG_CXX_LANGUAGE_STANDARD = "gnu++20";
				CLANG_ENABLE_MODULES = YES;
				CLANG_ENABLE_OBJC_ARC = YES;
				CLANG_ENABLE_OBJC_WEAK = YES;
				CLANG_WARN_BLOCK_CAPTURE_AUTORELEASING = YES;
				CLANG_WARN_BOOL_CONVERSION = YES;
				CLANG_WARN_COMMA = YES;
				CLANG_WARN_CONSTANT_CONVERSION = YES;
				CLANG_WARN_DEPRECATED_OBJC_IMPLEMENTATIONS = YES;
				CLANG_WARN_DIRECT_OBJC_ISA_USAGE = YES_ERROR;
				CLANG_WARN_DOCUMENTATION_COMMENTS = YES;
				CLANG_WARN_EMPTY_BODY = YES;
				CLANG_WARN_ENUM_CONVERSION = YES;
				CLANG_WARN_INFINITE_RECURSION = YES;
				CLANG_WARN_INT_CONVERSION = YES;
				CLANG_WARN_NON_LITERAL_NULL_CONVERSION = YES;
				CLANG_WARN_OBJC_IMPLICIT_RETAIN_SELF = YES;
				CLANG_WARN_OBJC_LITERAL_CONVERSION = YES;
				CLANG_WARN_OBJC_ROOT_CLASS = YES_ERROR;
				CLANG_WARN_QUOTED_INCLUDE_IN_FRAMEWORK_HEADER = YES;
				CLANG_WARN_RANGE_LOOP_ANALYSIS = YES;
				CLANG_WARN_STRICT_PROTOTYPES = YES;
				CLANG_WARN_SUSPICIOUS_MOVE = YES;
				CLANG_WARN_UNGUARDED_AVAILABILITY = YES_AGGRESSIVE;
				CLANG_WARN_UNREACHABLE_CODE = YES;
				CLANG_WARN__DUPLICATE_METHOD_MATCH = YES;
				COPY_PHASE_STRIP = NO;
				DEBUG_INFORMATION_FORMAT = "dwarf-with-dsym";
				ENABLE_NS_ASSERTIONS = NO;
				ENABLE_STRICT_OBJC_MSGSEND = YES;
				GCC_C_LANGUAGE_STANDARD = gnu11;
				GCC_NO_COMMON_BLOCKS = YES;
				GCC_WARN_64_TO_32_BIT_CONVERSION = YES;
				GCC_WARN_ABOUT_RETURN_TYPE = YES_ERROR;
				GCC_WARN_UNDECLARED_SELECTOR = YES;
				GCC_WARN_UNINITIALIZED_AUTOS = YES_AGGRESSIVE;
				GCC_WARN_UNUSED_FUNCTION = YES;
				GCC_WARN_UNUSED_VARIABLE = YES;
				IPHONEOS_DEPLOYMENT_TARGET = 16.4;
				MTL_ENABLE_DEBUG_INFO = NO;
				MTL_FAST_MATH = YES;
				SDKROOT = iphoneos;
				SWIFT_COMPILATION_MODE = wholemodule;
				SWIFT_OPTIMIZATION_LEVEL = "-O";
				VALIDATE_PRODUCT = YES;
			};
			name = Release;
		};
		3362B9082A1E6ECD00C74146 /* Debug */ = {
			isa = XCBuildConfiguration;
			buildSettings = {
				ASSETCATALOG_COMPILER_APPICON_NAME = AppIcon;
				ASSETCATALOG_COMPILER_GLOBAL_ACCENT_COLOR_NAME = AccentColor;
				CODE_SIGN_STYLE = Automatic;
				CURRENT_PROJECT_VERSION = 1;
				DEVELOPMENT_ASSET_PATHS = "\"withyou/Preview Content\"";
				ENABLE_PREVIEWS = YES;
				GENERATE_INFOPLIST_FILE = YES;
				INFOPLIST_KEY_UIApplicationSceneManifest_Generation = YES;
				INFOPLIST_KEY_UIApplicationSupportsIndirectInputEvents = YES;
				INFOPLIST_KEY_UILaunchScreen_Generation = YES;
				INFOPLIST_KEY_UISupportedInterfaceOrientations_iPad = "UIInterfaceOrientationPortrait UIInterfaceOrientationPortraitUpsideDown UIInterfaceOrientationLandscapeLeft UIInterfaceOrientationLandscapeRight";
				INFOPLIST_KEY_UISupportedInterfaceOrientations_iPhone = "UIInterfaceOrientationPortrait UIInterfaceOrientationLandscapeLeft UIInterfaceOrientationLandscapeRight";
				LD_RUNPATH_SEARCH_PATHS = (
					"$(inherited)",
					"@executable_path/Frameworks",
				);
				MARKETING_VERSION = 1.0;
				PRODUCT_BUNDLE_IDENTIFIER = corneroom.withyou;
				PRODUCT_NAME = "$(TARGET_NAME)";
				SWIFT_EMIT_LOC_STRINGS = YES;
				SWIFT_VERSION = 5.0;
				TARGETED_DEVICE_FAMILY = "1,2";
			};
			name = Debug;
		};
		3362B9092A1E6ECD00C74146 /* Release */ = {
			isa = XCBuildConfiguration;
			buildSettings = {
				ASSETCATALOG_COMPILER_APPICON_NAME = AppIcon;
				ASSETCATALOG_COMPILER_GLOBAL_ACCENT_COLOR_NAME = AccentColor;
				CODE_SIGN_STYLE = Automatic;
				CURRENT_PROJECT_VERSION = 1;
				DEVELOPMENT_ASSET_PATHS = "\"withyou/Preview Content\"";
				ENABLE_PREVIEWS = YES;
				GENERATE_INFOPLIST_FILE = YES;
				INFOPLIST_KEY_UIApplicationSceneManifest_Generation = YES;
				INFOPLIST_KEY_UIApplicationSupportsIndirectInputEvents = YES;
				INFOPLIST_KEY_UILaunchScreen_Generation = YES;
				INFOPLIST_KEY_UISupportedInterfaceOrientations_iPad = "UIInterfaceOrientationPortrait UIInterfaceOrientationPortraitUpsideDown UIInterfaceOrientationLandscapeLeft UIInterfaceOrientationLandscapeRight";
				INFOPLIST_KEY_UISupportedInterfaceOrientations_iPhone = "UIInterfaceOrientationPortrait UIInterfaceOrientationLandscapeLeft UIInterfaceOrientationLandscapeRight";
				LD_RUNPATH_SEARCH_PATHS = (
					"$(inherited)",
					"@executable_path/Frameworks",
				);
				MARKETING_VERSION = 1.0;
				PRODUCT_BUNDLE_IDENTIFIER = corneroom.withyou;
				PRODUCT_NAME = "$(TARGET_NAME)";
				SWIFT_EMIT_LOC_STRINGS = YES;
				SWIFT_VERSION = 5.0;
				TARGETED_DEVICE_FAMILY = "1,2";
			};
			name = Release;
		};
/* End XCBuildConfiguration section */

/* Begin XCConfigurationList section */
		3362B8F42A1E6ECB00C74146 /* Build configuration list for PBXProject "withyou" */ = {
			isa = XCConfigurationList;
			buildConfigurations = (
				3362B9052A1E6ECD00C74146 /* Debug */,
				3362B9062A1E6ECD00C74146 /* Release */,
			);
			defaultConfigurationIsVisible = 0;
			defaultConfigurationName = Release;
		};
		3362B9072A1E6ECD00C74146 /* Build configuration list for PBXNativeTarget "withyou" */ = {
			isa = XCConfigurationList;
			buildConfigurations = (
				3362B9082A1E6ECD00C74146 /* Debug */,
				3362B9092A1E6ECD00C74146 /* Release */,
			);
			defaultConfigurationIsVisible = 0;
			defaultConfigurationName = Release;
		};
/* End XCConfigurationList section */

/* Begin XCRemoteSwiftPackageReference section */
		3362B9292A1F173400C74146 /* XCRemoteSwiftPackageReference "SDWebImageSwiftUI" */ = {
			isa = XCRemoteSwiftPackageReference;
			repositoryURL = "https://github.com/SDWebImage/SDWebImageSwiftUI";
			requirement = {
				branch = master;
				kind = branch;
			};
		};
		3362B9442A1F686800C74146 /* XCRemoteSwiftPackageReference "firebase-ios-sdk" */ = {
			isa = XCRemoteSwiftPackageReference;
			repositoryURL = "https://github.com/firebase/firebase-ios-sdk.git";
			requirement = {
				kind = upToNextMajorVersion;
				minimumVersion = 8.0.0;
			};
		};
/* End XCRemoteSwiftPackageReference section */

/* Begin XCSwiftPackageProductDependency section */
		3362B92A2A1F173400C74146 /* SDWebImageSwiftUI */ = {
			isa = XCSwiftPackageProductDependency;
			package = 3362B9292A1F173400C74146 /* XCRemoteSwiftPackageReference "SDWebImageSwiftUI" */;
			productName = SDWebImageSwiftUI;
		};
		3362B9452A1F686800C74146 /* FirebaseAuth */ = {
			isa = XCSwiftPackageProductDependency;
			package = 3362B9442A1F686800C74146 /* XCRemoteSwiftPackageReference "firebase-ios-sdk" */;
			productName = FirebaseAuth;
		};
		3362B9472A1F686800C74146 /* FirebaseFirestore */ = {
			isa = XCSwiftPackageProductDependency;
			package = 3362B9442A1F686800C74146 /* XCRemoteSwiftPackageReference "firebase-ios-sdk" */;
			productName = FirebaseFirestore;
		};
		3362B9492A1F686800C74146 /* FirebaseFirestoreSwift-Beta */ = {
			isa = XCSwiftPackageProductDependency;
			package = 3362B9442A1F686800C74146 /* XCRemoteSwiftPackageReference "firebase-ios-sdk" */;
			productName = "FirebaseFirestoreSwift-Beta";
		};
		3362B94B2A1F686800C74146 /* FirebaseStorage */ = {
			isa = XCSwiftPackageProductDependency;
			package = 3362B9442A1F686800C74146 /* XCRemoteSwiftPackageReference "firebase-ios-sdk" */;
			productName = FirebaseStorage;
		};
/* End XCSwiftPackageProductDependency section */
	};
	rootObject = 3362B8F12A1E6ECB00C74146 /* Project object */;
}
